
Microsoft Visual Studio Solution File, Format Version 12.00
# Visual Studio 2013
VisualStudioVersion = 12.0.21005.1
MinimumVisualStudioVersion = 10.0.40219.1
Project("{FAE04EC0-301F-11D3-BF4B-00C04F79EFBC}") = "EbalitWebForms", "EbalitWebForms.csproj", "{F70D75D8-4CA0-4DFB-9900-5B9F50706F02}"
EndProject
Project("{FAE04EC0-301F-11D3-BF4B-00C04F79EFBC}") = "EbalitAdmin", "EbalitAdmin\EbalitAdmin.csproj", "{49AB21D6-D16B-4F67-A094-9C1F145F9E5B}"
EndProject
Project("{FAE04EC0-301F-11D3-BF4B-00C04F79EFBC}") = "Configuration", "..\Configuration\Configuration.csproj", "{2A6D0D95-4D7B-4400-AB39-9C7B81F89E7D}"
EndProject
Project("{FAE04EC0-301F-11D3-BF4B-00C04F79EFBC}") = "ConfigurationTest", "ConfigurationTest\ConfigurationTest.csproj", "{CA28A8EC-E9B1-4BAE-A88D-72CB6CDFD972}"
EndProject
Global
	GlobalSection(SolutionConfigurationPlatforms) = preSolution
		Debug|Any CPU = Debug|Any CPU
		Release|Any CPU = Release|Any CPU
	EndGlobalSection
	GlobalSection(ProjectConfigurationPlatforms) = postSolution
		{F70D75D8-4CA0-4DFB-9900-5B9F50706F02}.Debug|Any CPU.ActiveCfg = Debug|Any CPU
		{F70D75D8-4CA0-4DFB-9900-5B9F50706F02}.Debug|Any CPU.Build.0 = Debug|Any CPU
		{F70D75D8-4CA0-4DFB-9900-5B9F50706F02}.Release|Any CPU.ActiveCfg = Release|Any CPU
		{F70D75D8-4CA0-4DFB-9900-5B9F50706F02}.Release|Any CPU.Build.0 = Release|Any CPU
		{49AB21D6-D16B-4F67-A094-9C1F145F9E5B}.Debug|Any CPU.ActiveCfg = Debug|Any CPU
		{49AB21D6-D16B-4F67-A094-9C1F145F9E5B}.Debug|Any CPU.Build.0 = Debug|Any CPU
		{49AB21D6-D16B-4F67-A094-9C1F145F9E5B}.Release|Any CPU.ActiveCfg = Release|Any CPU
		{49AB21D6-D16B-4F67-A094-9C1F145F9E5B}.Release|Any CPU.Build.0 = Release|Any CPU
		{2A6D0D95-4D7B-4400-AB39-9C7B81F89E7D}.Debug|Any CPU.ActiveCfg = Debug|Any CPU
		{2A6D0D95-4D7B-4400-AB39-9C7B81F89E7D}.Debug|Any CPU.Build.0 = Debug|Any CPU
		{2A6D0D95-4D7B-4400-AB39-9C7B81F89E7D}.Release|Any CPU.ActiveCfg = Release|Any CPU
		{2A6D0D95-4D7B-4400-AB39-9C7B81F89E7D}.Release|Any CPU.Build.0 = Release|Any CPU
		{CA28A8EC-E9B1-4BAE-A88D-72CB6CDFD972}.Debug|Any CPU.ActiveCfg = Debug|Any CPU
		{CA28A8EC-E9B1-4BAE-A88D-72CB6CDFD972}.Debug|Any CPU.Build.0 = Debug|Any CPU
		{CA28A8EC-E9B1-4BAE-A88D-72CB6CDFD972}.Release|Any CPU.ActiveCfg = Release|Any CPU
		{CA28A8EC-E9B1-4BAE-A88D-72CB6CDFD972}.Release|Any CPU.Build.0 = Release|Any CPU
	EndGlobalSection
	GlobalSection(SolutionProperties) = preSolution
		HideSolutionNode = FALSE
	EndGlobalSection
EndGlobal
